// !$*UTF8*$!
{
	archiveVersion = 1;
	classes = {
	};
	objectVersion = 56;
	objects = {

/* Begin PBXBuildFile section */
		04208FE42B844602006B1C38 /* DetailView.swift in Sources */ = {isa = PBXBuildFile; fileRef = 04208FE32B844602006B1C38 /* DetailView.swift */; };
		04208FE62B84895F006B1C38 /* ReservationSuccess.swift in Sources */ = {isa = PBXBuildFile; fileRef = 04208FE52B84895F006B1C38 /* ReservationSuccess.swift */; };
		9B47675B2B84253B0093969F /* TravelMakerApp.swift in Sources */ = {isa = PBXBuildFile; fileRef = 9B47675A2B84253B0093969F /* TravelMakerApp.swift */; };
		9B47675D2B84253B0093969F /* ContentView.swift in Sources */ = {isa = PBXBuildFile; fileRef = 9B47675C2B84253B0093969F /* ContentView.swift */; };
		9B47675F2B84253C0093969F /* Assets.xcassets in Resources */ = {isa = PBXBuildFile; fileRef = 9B47675E2B84253C0093969F /* Assets.xcassets */; };
		9B4767622B84253C0093969F /* Preview Assets.xcassets in Resources */ = {isa = PBXBuildFile; fileRef = 9B4767612B84253C0093969F /* Preview Assets.xcassets */; };
		9B4767692B8425C80093969F /* TravelModel.swift in Sources */ = {isa = PBXBuildFile; fileRef = 9B4767682B8425C80093969F /* TravelModel.swift */; };
		9B47676B2B8425D60093969F /* UserModel.swift in Sources */ = {isa = PBXBuildFile; fileRef = 9B47676A2B8425D60093969F /* UserModel.swift */; };
		9B4767702B8431940093969F /* ButtonBackground.swift in Sources */ = {isa = PBXBuildFile; fileRef = 9B47676F2B8431940093969F /* ButtonBackground.swift */; };
		9B79DB6E2B843537009A6BFD /* UserModelStore.swift in Sources */ = {isa = PBXBuildFile; fileRef = 9B79DB6D2B843537009A6BFD /* UserModelStore.swift */; };
		9B79DB702B8435C5009A6BFD /* subway.jpg in Resources */ = {isa = PBXBuildFile; fileRef = 9B79DB6F2B8435C5009A6BFD /* subway.jpg */; };
		9B79DB732B8436F7009A6BFD /* TravelModelStore.swift in Sources */ = {isa = PBXBuildFile; fileRef = 9B79DB722B8436F7009A6BFD /* TravelModelStore.swift */; };
		9B79DB752B8438C4009A6BFD /* yeomiji.jpg in Resources */ = {isa = PBXBuildFile; fileRef = 9B79DB742B8438C4009A6BFD /* yeomiji.jpg */; };
/* End PBXBuildFile section */

/* Begin PBXFileReference section */
		04208FE32B844602006B1C38 /* DetailView.swift */ = {isa = PBXFileReference; lastKnownFileType = sourcecode.swift; path = DetailView.swift; sourceTree = "<group>"; };
		04208FE52B84895F006B1C38 /* ReservationSuccess.swift */ = {isa = PBXFileReference; lastKnownFileType = sourcecode.swift; path = ReservationSuccess.swift; sourceTree = "<group>"; };
		9B4767572B84253B0093969F /* TravelMaker.app */ = {isa = PBXFileReference; explicitFileType = wrapper.application; includeInIndex = 0; path = TravelMaker.app; sourceTree = BUILT_PRODUCTS_DIR; };
		9B47675A2B84253B0093969F /* TravelMakerApp.swift */ = {isa = PBXFileReference; lastKnownFileType = sourcecode.swift; path = TravelMakerApp.swift; sourceTree = "<group>"; };
		9B47675C2B84253B0093969F /* ContentView.swift */ = {isa = PBXFileReference; lastKnownFileType = sourcecode.swift; path = ContentView.swift; sourceTree = "<group>"; };
		9B47675E2B84253C0093969F /* Assets.xcassets */ = {isa = PBXFileReference; lastKnownFileType = folder.assetcatalog; path = Assets.xcassets; sourceTree = "<group>"; };
		9B4767612B84253C0093969F /* Preview Assets.xcassets */ = {isa = PBXFileReference; lastKnownFileType = folder.assetcatalog; path = "Preview Assets.xcassets"; sourceTree = "<group>"; };
		9B4767682B8425C80093969F /* TravelModel.swift */ = {isa = PBXFileReference; lastKnownFileType = sourcecode.swift; path = TravelModel.swift; sourceTree = "<group>"; };
		9B47676A2B8425D60093969F /* UserModel.swift */ = {isa = PBXFileReference; lastKnownFileType = sourcecode.swift; path = UserModel.swift; sourceTree = "<group>"; };
		9B47676F2B8431940093969F /* ButtonBackground.swift */ = {isa = PBXFileReference; lastKnownFileType = sourcecode.swift; path = ButtonBackground.swift; sourceTree = "<group>"; };
		9B79DB6D2B843537009A6BFD /* UserModelStore.swift */ = {isa = PBXFileReference; lastKnownFileType = sourcecode.swift; path = UserModelStore.swift; sourceTree = "<group>"; };
		9B79DB6F2B8435C5009A6BFD /* subway.jpg */ = {isa = PBXFileReference; lastKnownFileType = image.jpeg; path = subway.jpg; sourceTree = "<group>"; };
		9B79DB722B8436F7009A6BFD /* TravelModelStore.swift */ = {isa = PBXFileReference; lastKnownFileType = sourcecode.swift; path = TravelModelStore.swift; sourceTree = "<group>"; };
		9B79DB742B8438C4009A6BFD /* yeomiji.jpg */ = {isa = PBXFileReference; lastKnownFileType = image.jpeg; path = yeomiji.jpg; sourceTree = "<group>"; };
/* End PBXFileReference section */

/* Begin PBXFrameworksBuildPhase section */
		9B4767542B84253B0093969F /* Frameworks */ = {
			isa = PBXFrameworksBuildPhase;
			buildActionMask = 2147483647;
			files = (
			);
			runOnlyForDeploymentPostprocessing = 0;
		};
/* End PBXFrameworksBuildPhase section */

/* Begin PBXGroup section */
		9B47674E2B84253B0093969F = {
			isa = PBXGroup;
			children = (
				9B4767592B84253B0093969F /* TravelMaker */,
				9B4767582B84253B0093969F /* Products */,
			);
			sourceTree = "<group>";
		};
		9B4767582B84253B0093969F /* Products */ = {
			isa = PBXGroup;
			children = (
				9B4767572B84253B0093969F /* TravelMaker.app */,
			);
			name = Products;
			sourceTree = "<group>";
		};
		9B4767592B84253B0093969F /* TravelMaker */ = {
			isa = PBXGroup;
			children = (
				9B47675A2B84253B0093969F /* TravelMakerApp.swift */,
				9B79DB762B843922009A6BFD /* Views */,
				9B79DB712B8435C9009A6BFD /* Images */,
				9B47676E2B8426510093969F /* Models */,
				9B47675E2B84253C0093969F /* Assets.xcassets */,
				9B4767602B84253C0093969F /* Preview Content */,
			);
			path = TravelMaker;
			sourceTree = "<group>";
		};
		9B4767602B84253C0093969F /* Preview Content */ = {
			isa = PBXGroup;
			children = (
				9B4767612B84253C0093969F /* Preview Assets.xcassets */,
			);
			path = "Preview Content";
			sourceTree = "<group>";
		};
		9B47676E2B8426510093969F /* Models */ = {
			isa = PBXGroup;
			children = (
				9B4767682B8425C80093969F /* TravelModel.swift */,
				9B79DB722B8436F7009A6BFD /* TravelModelStore.swift */,
				9B47676A2B8425D60093969F /* UserModel.swift */,
				9B79DB6D2B843537009A6BFD /* UserModelStore.swift */,
			);
			path = Models;
			sourceTree = "<group>";
		};
		9B79DB712B8435C9009A6BFD /* Images */ = {
			isa = PBXGroup;
			children = (
				9B79DB742B8438C4009A6BFD /* yeomiji.jpg */,
				9B79DB6F2B8435C5009A6BFD /* subway.jpg */,
			);
			path = Images;
			sourceTree = "<group>";
		};
		9B79DB762B843922009A6BFD /* Views */ = {
			isa = PBXGroup;
			children = (
				9B47675C2B84253B0093969F /* ContentView.swift */,
				9B47676F2B8431940093969F /* ButtonBackground.swift */,
				04208FE32B844602006B1C38 /* DetailView.swift */,
				04208FE52B84895F006B1C38 /* ReservationSuccess.swift */,
			);
			path = Views;
			sourceTree = "<group>";
		};
/* End PBXGroup section */

/* Begin PBXNativeTarget section */
		9B4767562B84253B0093969F /* TravelMaker */ = {
			isa = PBXNativeTarget;
			buildConfigurationList = 9B4767652B84253C0093969F /* Build configuration list for PBXNativeTarget "TravelMaker" */;
			buildPhases = (
				9B4767532B84253B0093969F /* Sources */,
				9B4767542B84253B0093969F /* Frameworks */,
				9B4767552B84253B0093969F /* Resources */,
			);
			buildRules = (
			);
			dependencies = (
			);
			name = TravelMaker;
			productName = TravelMaker;
			productReference = 9B4767572B84253B0093969F /* TravelMaker.app */;
			productType = "com.apple.product-type.application";
		};
/* End PBXNativeTarget section */

/* Begin PBXProject section */
		9B47674F2B84253B0093969F /* Project object */ = {
			isa = PBXProject;
			attributes = {
				BuildIndependentTargetsInParallel = 1;
				LastSwiftUpdateCheck = 1520;
				LastUpgradeCheck = 1520;
				TargetAttributes = {
					9B4767562B84253B0093969F = {
						CreatedOnToolsVersion = 15.2;
					};
				};
			};
			buildConfigurationList = 9B4767522B84253B0093969F /* Build configuration list for PBXProject "TravelMaker" */;
			compatibilityVersion = "Xcode 14.0";
			developmentRegion = en;
			hasScannedForEncodings = 0;
			knownRegions = (
				en,
				Base,
			);
			mainGroup = 9B47674E2B84253B0093969F;
			productRefGroup = 9B4767582B84253B0093969F /* Products */;
			projectDirPath = "";
			projectRoot = "";
			targets = (
				9B4767562B84253B0093969F /* TravelMaker */,
			);
		};
/* End PBXProject section */

/* Begin PBXResourcesBuildPhase section */
		9B4767552B84253B0093969F /* Resources */ = {
			isa = PBXResourcesBuildPhase;
			buildActionMask = 2147483647;
			files = (
				9B79DB752B8438C4009A6BFD /* yeomiji.jpg in Resources */,
				9B4767622B84253C0093969F /* Preview Assets.xcassets in Resources */,
				9B79DB702B8435C5009A6BFD /* subway.jpg in Resources */,
				9B47675F2B84253C0093969F /* Assets.xcassets in Resources */,
			);
			runOnlyForDeploymentPostprocessing = 0;
		};
/* End PBXResourcesBuildPhase section */

/* Begin PBXSourcesBuildPhase section */
		9B4767532B84253B0093969F /* Sources */ = {
			isa = PBXSourcesBuildPhase;
			buildActionMask = 2147483647;
			files = (
				9B79DB732B8436F7009A6BFD /* TravelModelStore.swift in Sources */,
				04208FE42B844602006B1C38 /* DetailView.swift in Sources */,
				9B47676B2B8425D60093969F /* UserModel.swift in Sources */,
				9B4767692B8425C80093969F /* TravelModel.swift in Sources */,
				9B47675D2B84253B0093969F /* ContentView.swift in Sources */,
				9B47675B2B84253B0093969F /* TravelMakerApp.swift in Sources */,
				04208FE62B84895F006B1C38 /* ReservationSuccess.swift in Sources */,
				9B79DB6E2B843537009A6BFD /* UserModelStore.swift in Sources */,
				9B4767702B8431940093969F /* ButtonBackground.swift in Sources */,
			);
			runOnlyForDeploymentPostprocessing = 0;
		};
/* End PBXSourcesBuildPhase section */

/* Begin XCBuildConfiguration section */
		9B4767632B84253C0093969F /* Debug */ = {
			isa = XCBuildConfiguration;
			buildSettings = {
				ALWAYS_SEARCH_USER_PATHS = NO;
				ASSETCATALOG_COMPILER_GENERATE_SWIFT_ASSET_SYMBOL_EXTENSIONS = YES;
				CLANG_ANALYZER_NONNULL = YES;
				CLANG_ANALYZER_NUMBER_OBJECT_CONVERSION = YES_AGGRESSIVE;
				CLANG_CXX_LANGUAGE_STANDARD = "gnu++20";
				CLANG_ENABLE_MODULES = YES;
				CLANG_ENABLE_OBJC_ARC = YES;
				CLANG_ENABLE_OBJC_WEAK = YES;
				CLANG_WARN_BLOCK_CAPTURE_AUTORELEASING = YES;
				CLANG_WARN_BOOL_CONVERSION = YES;
				CLANG_WARN_COMMA = YES;
				CLANG_WARN_CONSTANT_CONVERSION = YES;
				CLANG_WARN_DEPRECATED_OBJC_IMPLEMENTATIONS = YES;
				CLANG_WARN_DIRECT_OBJC_ISA_USAGE = YES_ERROR;
				CLANG_WARN_DOCUMENTATION_COMMENTS = YES;
				CLANG_WARN_EMPTY_BODY = YES;
				CLANG_WARN_ENUM_CONVERSION = YES;
				CLANG_WARN_INFINITE_RECURSION = YES;
				CLANG_WARN_INT_CONVERSION = YES;
				CLANG_WARN_NON_LITERAL_NULL_CONVERSION = YES;
				CLANG_WARN_OBJC_IMPLICIT_RETAIN_SELF = YES;
				CLANG_WARN_OBJC_LITERAL_CONVERSION = YES;
				CLANG_WARN_OBJC_ROOT_CLASS = YES_ERROR;
				CLANG_WARN_QUOTED_INCLUDE_IN_FRAMEWORK_HEADER = YES;
				CLANG_WARN_RANGE_LOOP_ANALYSIS = YES;
				CLANG_WARN_STRICT_PROTOTYPES = YES;
				CLANG_WARN_SUSPICIOUS_MOVE = YES;
				CLANG_WARN_UNGUARDED_AVAILABILITY = YES_AGGRESSIVE;
				CLANG_WARN_UNREACHABLE_CODE = YES;
				CLANG_WARN__DUPLICATE_METHOD_MATCH = YES;
				COPY_PHASE_STRIP = NO;
				DEBUG_INFORMATION_FORMAT = dwarf;
				ENABLE_STRICT_OBJC_MSGSEND = YES;
				ENABLE_TESTABILITY = YES;
				ENABLE_USER_SCRIPT_SANDBOXING = YES;
				GCC_C_LANGUAGE_STANDARD = gnu17;
				GCC_DYNAMIC_NO_PIC = NO;
				GCC_NO_COMMON_BLOCKS = YES;
				GCC_OPTIMIZATION_LEVEL = 0;
				GCC_PREPROCESSOR_DEFINITIONS = (
					"DEBUG=1",
					"$(inherited)",
				);
				GCC_WARN_64_TO_32_BIT_CONVERSION = YES;
				GCC_WARN_ABOUT_RETURN_TYPE = YES_ERROR;
				GCC_WARN_UNDECLARED_SELECTOR = YES;
				GCC_WARN_UNINITIALIZED_AUTOS = YES_AGGRESSIVE;
				GCC_WARN_UNUSED_FUNCTION = YES;
				GCC_WARN_UNUSED_VARIABLE = YES;
				IPHONEOS_DEPLOYMENT_TARGET = 17.2;
				LOCALIZATION_PREFERS_STRING_CATALOGS = YES;
				MTL_ENABLE_DEBUG_INFO = INCLUDE_SOURCE;
				MTL_FAST_MATH = YES;
				ONLY_ACTIVE_ARCH = YES;
				SDKROOT = iphoneos;
				SWIFT_ACTIVE_COMPILATION_CONDITIONS = "DEBUG $(inherited)";
				SWIFT_OPTIMIZATION_LEVEL = "-Onone";
			};
			name = Debug;
		};
		9B4767642B84253C0093969F /* Release */ = {
			isa = XCBuildConfiguration;
			buildSettings = {
				ALWAYS_SEARCH_USER_PATHS = NO;
				ASSETCATALOG_COMPILER_GENERATE_SWIFT_ASSET_SYMBOL_EXTENSIONS = YES;
				CLANG_ANALYZER_NONNULL = YES;
				CLANG_ANALYZER_NUMBER_OBJECT_CONVERSION = YES_AGGRESSIVE;
				CLANG_CXX_LANGUAGE_STANDARD = "gnu++20";
				CLANG_ENABLE_MODULES = YES;
				CLANG_ENABLE_OBJC_ARC = YES;
				CLANG_ENABLE_OBJC_WEAK = YES;
				CLANG_WARN_BLOCK_CAPTURE_AUTORELEASING = YES;
				CLANG_WARN_BOOL_CONVERSION = YES;
				CLANG_WARN_COMMA = YES;
				CLANG_WARN_CONSTANT_CONVERSION = YES;
				CLANG_WARN_DEPRECATED_OBJC_IMPLEMENTATIONS = YES;
				CLANG_WARN_DIRECT_OBJC_ISA_USAGE = YES_ERROR;
				CLANG_WARN_DOCUMENTATION_COMMENTS = YES;
				CLANG_WARN_EMPTY_BODY = YES;
				CLANG_WARN_ENUM_CONVERSION = YES;
				CLANG_WARN_INFINITE_RECURSION = YES;
				CLANG_WARN_INT_CONVERSION = YES;
				CLANG_WARN_NON_LITERAL_NULL_CONVERSION = YES;
				CLANG_WARN_OBJC_IMPLICIT_RETAIN_SELF = YES;
				CLANG_WARN_OBJC_LITERAL_CONVERSION = YES;
				CLANG_WARN_OBJC_ROOT_CLASS = YES_ERROR;
				CLANG_WARN_QUOTED_INCLUDE_IN_FRAMEWORK_HEADER = YES;
				CLANG_WARN_RANGE_LOOP_ANALYSIS = YES;
				CLANG_WARN_STRICT_PROTOTYPES = YES;
				CLANG_WARN_SUSPICIOUS_MOVE = YES;
				CLANG_WARN_UNGUARDED_AVAILABILITY = YES_AGGRESSIVE;
				CLANG_WARN_UNREACHABLE_CODE = YES;
				CLANG_WARN__DUPLICATE_METHOD_MATCH = YES;
				COPY_PHASE_STRIP = NO;
				DEBUG_INFORMATION_FORMAT = "dwarf-with-dsym";
				ENABLE_NS_ASSERTIONS = NO;
				ENABLE_STRICT_OBJC_MSGSEND = YES;
				ENABLE_USER_SCRIPT_SANDBOXING = YES;
				GCC_C_LANGUAGE_STANDARD = gnu17;
				GCC_NO_COMMON_BLOCKS = YES;
				GCC_WARN_64_TO_32_BIT_CONVERSION = YES;
				GCC_WARN_ABOUT_RETURN_TYPE = YES_ERROR;
				GCC_WARN_UNDECLARED_SELECTOR = YES;
				GCC_WARN_UNINITIALIZED_AUTOS = YES_AGGRESSIVE;
				GCC_WARN_UNUSED_FUNCTION = YES;
				GCC_WARN_UNUSED_VARIABLE = YES;
				IPHONEOS_DEPLOYMENT_TARGET = 17.2;
				LOCALIZATION_PREFERS_STRING_CATALOGS = YES;
				MTL_ENABLE_DEBUG_INFO = NO;
				MTL_FAST_MATH = YES;
				SDKROOT = iphoneos;
				SWIFT_COMPILATION_MODE = wholemodule;
				VALIDATE_PRODUCT = YES;
			};
			name = Release;
		};
		9B4767662B84253C0093969F /* Debug */ = {
			isa = XCBuildConfiguration;
			buildSettings = {
				ASSETCATALOG_COMPILER_APPICON_NAME = AppIcon;
				ASSETCATALOG_COMPILER_GLOBAL_ACCENT_COLOR_NAME = AccentColor;
				CODE_SIGN_STYLE = Automatic;
				CURRENT_PROJECT_VERSION = 1;
				DEVELOPMENT_ASSET_PATHS = "\"TravelMaker/Preview Content\"";
				ENABLE_PREVIEWS = YES;
				GENERATE_INFOPLIST_FILE = YES;
				INFOPLIST_KEY_UIApplicationSceneManifest_Generation = YES;
				INFOPLIST_KEY_UIApplicationSupportsIndirectInputEvents = YES;
				INFOPLIST_KEY_UILaunchScreen_Generation = YES;
				INFOPLIST_KEY_UISupportedInterfaceOrientations_iPad = "UIInterfaceOrientationPortrait UIInterfaceOrientationPortraitUpsideDown UIInterfaceOrientationLandscapeLeft UIInterfaceOrientationLandscapeRight";
				INFOPLIST_KEY_UISupportedInterfaceOrientations_iPhone = "UIInterfaceOrientationPortrait UIInterfaceOrientationLandscapeLeft UIInterfaceOrientationLandscapeRight";
				LD_RUNPATH_SEARCH_PATHS = (
					"$(inherited)",
					"@executable_path/Frameworks",
				);
				MARKETING_VERSION = 1.0;
				PRODUCT_BUNDLE_IDENTIFIER = "w-lee.TravelMaker";
				PRODUCT_NAME = "$(TARGET_NAME)";
				SWIFT_EMIT_LOC_STRINGS = YES;
				SWIFT_VERSION = 5.0;
				TARGETED_DEVICE_FAMILY = "1,2";
			};
			name = Debug;
		};
		9B4767672B84253C0093969F /* Release */ = {
			isa = XCBuildConfiguration;
			buildSettings = {
				ASSETCATALOG_COMPILER_APPICON_NAME = AppIcon;
				ASSETCATALOG_COMPILER_GLOBAL_ACCENT_COLOR_NAME = AccentColor;
				CODE_SIGN_STYLE = Automatic;
				CURRENT_PROJECT_VERSION = 1;
				DEVELOPMENT_ASSET_PATHS = "\"TravelMaker/Preview Content\"";
				ENABLE_PREVIEWS = YES;
				GENERATE_INFOPLIST_FILE = YES;
				INFOPLIST_KEY_UIApplicationSceneManifest_Generation = YES;
				INFOPLIST_KEY_UIApplicationSupportsIndirectInputEvents = YES;
				INFOPLIST_KEY_UILaunchScreen_Generation = YES;
				INFOPLIST_KEY_UISupportedInterfaceOrientations_iPad = "UIInterfaceOrientationPortrait UIInterfaceOrientationPortraitUpsideDown UIInterfaceOrientationLandscapeLeft UIInterfaceOrientationLandscapeRight";
				INFOPLIST_KEY_UISupportedInterfaceOrientations_iPhone = "UIInterfaceOrientationPortrait UIInterfaceOrientationLandscapeLeft UIInterfaceOrientationLandscapeRight";
				LD_RUNPATH_SEARCH_PATHS = (
					"$(inherited)",
					"@executable_path/Frameworks",
				);
				MARKETING_VERSION = 1.0;
				PRODUCT_BUNDLE_IDENTIFIER = "w-lee.TravelMaker";
				PRODUCT_NAME = "$(TARGET_NAME)";
				SWIFT_EMIT_LOC_STRINGS = YES;
				SWIFT_VERSION = 5.0;
				TARGETED_DEVICE_FAMILY = "1,2";
			};
			name = Release;
		};
/* End XCBuildConfiguration section */

/* Begin XCConfigurationList section */
		9B4767522B84253B0093969F /* Build configuration list for PBXProject "TravelMaker" */ = {
			isa = XCConfigurationList;
			buildConfigurations = (
				9B4767632B84253C0093969F /* Debug */,
				9B4767642B84253C0093969F /* Release */,
			);
			defaultConfigurationIsVisible = 0;
			defaultConfigurationName = Release;
		};
		9B4767652B84253C0093969F /* Build configuration list for PBXNativeTarget "TravelMaker" */ = {
			isa = XCConfigurationList;
			buildConfigurations = (
				9B4767662B84253C0093969F /* Debug */,
				9B4767672B84253C0093969F /* Release */,
			);
			defaultConfigurationIsVisible = 0;
			defaultConfigurationName = Release;
		};
/* End XCConfigurationList section */
	};
	rootObject = 9B47674F2B84253B0093969F /* Project object */;
}
